
Microsoft Visual Studio Solution File, Format Version 12.00
# Visual Studio Version 17
VisualStudioVersion = 17.14.36414.22
MinimumVisualStudioVersion = 10.0.40219.1
Project("{2150E333-8FDC-42A3-9474-1A3956D46DE8}") = "Task0", "Task0", "{02EA681E-C7D8-13C7-8484-4AC65E1B71E8}"
EndProject
Project("{FAE04EC0-301F-11D3-BF4B-00C04F79EFBC}") = "Tyuiu.NeupokoevSV.Sprint5.Task0.V18", "Tyuiu.NeupokoevSV.Sprint5.Task0.V18\Tyuiu.NeupokoevSV.Sprint5.Task0.V18.csproj", "{6203296F-9B3A-4652-ADD8-18AFA4D642B2}"
EndProject
Project("{FAE04EC0-301F-11D3-BF4B-00C04F79EFBC}") = "Tyuiu.NeupokoevSV.Sprint5.Task0.V18.Lib", "Tyuiu.NeupokoevSV.Sprint5.Task0.V18.Lib\Tyuiu.NeupokoevSV.Sprint5.Task0.V18.Lib.csproj", "{B56F76F5-17FE-4A9B-A04A-8AF79A4CC3EB}"
EndProject
Project("{FAE04EC0-301F-11D3-BF4B-00C04F79EFBC}") = "Tyuiu.NeupokoevSV.Sprint5.Task0.V18.Test", "Tyuiu.NeupokoevSV.Sprint5.Task0.V18.Test\Tyuiu.NeupokoevSV.Sprint5.Task0.V18.Test.csproj", "{E1190B01-95D7-4B8A-8EA3-8E1D8303DB09}"
EndProject
Project("{2150E333-8FDC-42A3-9474-1A3956D46DE8}") = "Task1", "Task1", "{264647A8-CA55-4968-8CFE-71CE9FB2724E}"
EndProject
Project("{FAE04EC0-301F-11D3-BF4B-00C04F79EFBC}") = "Tyuiu.NeupokoevSV.Sprint5.Task1.V25", "Tyuiu.NeupokoevSV.Sprint5.Task1.V25\Tyuiu.NeupokoevSV.Sprint5.Task1.V25.csproj", "{50F0439A-608E-4F50-AC24-A4B57C50EF6D}"
EndProject
Project("{FAE04EC0-301F-11D3-BF4B-00C04F79EFBC}") = "Tyuiu.NeupokoevSV.Sprint5.Task1.V25.Lib", "Tyuiu.NeupokoevSV.Sprint5.Task1.V25.Lib\Tyuiu.NeupokoevSV.Sprint5.Task1.V25.Lib.csproj", "{CAAD780E-C0B8-4A02-A266-579927D35697}"
EndProject
Project("{FAE04EC0-301F-11D3-BF4B-00C04F79EFBC}") = "Tyuiu.NeupokoevSV.Sprint5.Task1.V25.Test", "Tyuiu.NeupokoevSV.Sprint5.Task1.V25.Test\Tyuiu.NeupokoevSV.Sprint5.Task1.V25.Test.csproj", "{85A8B007-0F3E-4F28-A737-F1E6B4EA1F40}"
EndProject
Project("{2150E333-8FDC-42A3-9474-1A3956D46DE8}") = "Task2", "Task2", "{AB49C79B-1114-4C62-BA7F-66195B508CB8}"
EndProject
Project("{FAE04EC0-301F-11D3-BF4B-00C04F79EFBC}") = "Tyuiu.NeupokoevSV.Sprint5.Task2.V9", "Tyuiu.NeupokoevSV.Sprint5.Task2.V9\Tyuiu.NeupokoevSV.Sprint5.Task2.V9.csproj", "{AD4734BF-5430-430F-888A-E0C0F57071BD}"
EndProject
Project("{FAE04EC0-301F-11D3-BF4B-00C04F79EFBC}") = "Tyuiu.NeupokoevSV.Sprint5.Task2.V9.Lib", "Tyuiu.NeupokoevSV.Sprint5.Task2.V9.Lib\Tyuiu.NeupokoevSV.Sprint5.Task2.V9.Lib.csproj", "{296EB4CE-17D0-4812-AD4E-16EBE9CFC659}"
EndProject
Project("{FAE04EC0-301F-11D3-BF4B-00C04F79EFBC}") = "Tyuiu.NeupokoevSV.Sprint5.Task2.V9.Test", "Tyuiu.NeupokoevSV.Sprint5.Task2.V9.Test\Tyuiu.NeupokoevSV.Sprint5.Task2.V9.Test.csproj", "{1D431788-637A-40CB-A54A-CFC92A200435}"
EndProject
Project("{2150E333-8FDC-42A3-9474-1A3956D46DE8}") = "Task3", "Task3", "{87C4E2AC-3DA2-4116-8A85-FA1F14624688}"
EndProject
Project("{FAE04EC0-301F-11D3-BF4B-00C04F79EFBC}") = "Tyuiu.NeupokoevSV.Sprint5.Task3.V26", "Tyuiu.NeupokoevSV.Sprint5.Task3.V26\Tyuiu.NeupokoevSV.Sprint5.Task3.V26.csproj", "{5B6F6DF0-2509-4D95-9A13-608E0CFFCBD1}"
EndProject
Project("{FAE04EC0-301F-11D3-BF4B-00C04F79EFBC}") = "Tyuiu.NeupokoevSV.Sprint5.Task3.V26.Lib", "Tyuiu.NeupokoevSV.Sprint5.Task3.V26.Lib\Tyuiu.NeupokoevSV.Sprint5.Task3.V26.Lib.csproj", "{AEB0F43F-13A0-4071-A7D9-5F341AE0437A}"
EndProject
Project("{FAE04EC0-301F-11D3-BF4B-00C04F79EFBC}") = "Tyuiu.NeupokoevSV.Sprint5.Task3.V26.Test", "Tyuiu.NeupokoevSV.Sprint5.Task3.V26.Test\Tyuiu.NeupokoevSV.Sprint5.Task3.V26.Test.csproj", "{B2F133E4-C0F7-4167-A4EE-B8EFF85F845A}"
EndProject
Global
	GlobalSection(SolutionConfigurationPlatforms) = preSolution
		Debug|Any CPU = Debug|Any CPU
		Release|Any CPU = Release|Any CPU
	EndGlobalSection
	GlobalSection(ProjectConfigurationPlatforms) = postSolution
		{6203296F-9B3A-4652-ADD8-18AFA4D642B2}.Debug|Any CPU.ActiveCfg = Debug|Any CPU
		{6203296F-9B3A-4652-ADD8-18AFA4D642B2}.Debug|Any CPU.Build.0 = Debug|Any CPU
		{6203296F-9B3A-4652-ADD8-18AFA4D642B2}.Release|Any CPU.ActiveCfg = Release|Any CPU
		{6203296F-9B3A-4652-ADD8-18AFA4D642B2}.Release|Any CPU.Build.0 = Release|Any CPU
		{B56F76F5-17FE-4A9B-A04A-8AF79A4CC3EB}.Debug|Any CPU.ActiveCfg = Debug|Any CPU
		{B56F76F5-17FE-4A9B-A04A-8AF79A4CC3EB}.Debug|Any CPU.Build.0 = Debug|Any CPU
		{B56F76F5-17FE-4A9B-A04A-8AF79A4CC3EB}.Release|Any CPU.ActiveCfg = Release|Any CPU
		{B56F76F5-17FE-4A9B-A04A-8AF79A4CC3EB}.Release|Any CPU.Build.0 = Release|Any CPU
		{E1190B01-95D7-4B8A-8EA3-8E1D8303DB09}.Debug|Any CPU.ActiveCfg = Debug|Any CPU
		{E1190B01-95D7-4B8A-8EA3-8E1D8303DB09}.Debug|Any CPU.Build.0 = Debug|Any CPU
		{E1190B01-95D7-4B8A-8EA3-8E1D8303DB09}.Release|Any CPU.ActiveCfg = Release|Any CPU
		{E1190B01-95D7-4B8A-8EA3-8E1D8303DB09}.Release|Any CPU.Build.0 = Release|Any CPU
		{50F0439A-608E-4F50-AC24-A4B57C50EF6D}.Debug|Any CPU.ActiveCfg = Debug|Any CPU
		{50F0439A-608E-4F50-AC24-A4B57C50EF6D}.Debug|Any CPU.Build.0 = Debug|Any CPU
		{50F0439A-608E-4F50-AC24-A4B57C50EF6D}.Release|Any CPU.ActiveCfg = Release|Any CPU
		{50F0439A-608E-4F50-AC24-A4B57C50EF6D}.Release|Any CPU.Build.0 = Release|Any CPU
		{CAAD780E-C0B8-4A02-A266-579927D35697}.Debug|Any CPU.ActiveCfg = Debug|Any CPU
		{CAAD780E-C0B8-4A02-A266-579927D35697}.Debug|Any CPU.Build.0 = Debug|Any CPU
		{CAAD780E-C0B8-4A02-A266-579927D35697}.Release|Any CPU.ActiveCfg = Release|Any CPU
		{CAAD780E-C0B8-4A02-A266-579927D35697}.Release|Any CPU.Build.0 = Release|Any CPU
		{85A8B007-0F3E-4F28-A737-F1E6B4EA1F40}.Debug|Any CPU.ActiveCfg = Debug|Any CPU
		{85A8B007-0F3E-4F28-A737-F1E6B4EA1F40}.Debug|Any CPU.Build.0 = Debug|Any CPU
		{85A8B007-0F3E-4F28-A737-F1E6B4EA1F40}.Release|Any CPU.ActiveCfg = Release|Any CPU
		{85A8B007-0F3E-4F28-A737-F1E6B4EA1F40}.Release|Any CPU.Build.0 = Release|Any CPU
		{AD4734BF-5430-430F-888A-E0C0F57071BD}.Debug|Any CPU.ActiveCfg = Debug|Any CPU
		{AD4734BF-5430-430F-888A-E0C0F57071BD}.Debug|Any CPU.Build.0 = Debug|Any CPU
		{AD4734BF-5430-430F-888A-E0C0F57071BD}.Release|Any CPU.ActiveCfg = Release|Any CPU
		{AD4734BF-5430-430F-888A-E0C0F57071BD}.Release|Any CPU.Build.0 = Release|Any CPU
		{296EB4CE-17D0-4812-AD4E-16EBE9CFC659}.Debug|Any CPU.ActiveCfg = Debug|Any CPU
		{296EB4CE-17D0-4812-AD4E-16EBE9CFC659}.Debug|Any CPU.Build.0 = Debug|Any CPU
		{296EB4CE-17D0-4812-AD4E-16EBE9CFC659}.Release|Any CPU.ActiveCfg = Release|Any CPU
		{296EB4CE-17D0-4812-AD4E-16EBE9CFC659}.Release|Any CPU.Build.0 = Release|Any CPU
		{1D431788-637A-40CB-A54A-CFC92A200435}.Debug|Any CPU.ActiveCfg = Debug|Any CPU
		{1D431788-637A-40CB-A54A-CFC92A200435}.Debug|Any CPU.Build.0 = Debug|Any CPU
		{1D431788-637A-40CB-A54A-CFC92A200435}.Release|Any CPU.ActiveCfg = Release|Any CPU
		{1D431788-637A-40CB-A54A-CFC92A200435}.Release|Any CPU.Build.0 = Release|Any CPU
		{5B6F6DF0-2509-4D95-9A13-608E0CFFCBD1}.Debug|Any CPU.ActiveCfg = Debug|Any CPU
		{5B6F6DF0-2509-4D95-9A13-608E0CFFCBD1}.Debug|Any CPU.Build.0 = Debug|Any CPU
		{5B6F6DF0-2509-4D95-9A13-608E0CFFCBD1}.Release|Any CPU.ActiveCfg = Release|Any CPU
		{5B6F6DF0-2509-4D95-9A13-608E0CFFCBD1}.Release|Any CPU.Build.0 = Release|Any CPU
		{AEB0F43F-13A0-4071-A7D9-5F341AE0437A}.Debug|Any CPU.ActiveCfg = Debug|Any CPU
		{AEB0F43F-13A0-4071-A7D9-5F341AE0437A}.Debug|Any CPU.Build.0 = Debug|Any CPU
		{AEB0F43F-13A0-4071-A7D9-5F341AE0437A}.Release|Any CPU.ActiveCfg = Release|Any CPU
		{AEB0F43F-13A0-4071-A7D9-5F341AE0437A}.Release|Any CPU.Build.0 = Release|Any CPU
		{B2F133E4-C0F7-4167-A4EE-B8EFF85F845A}.Debug|Any CPU.ActiveCfg = Debug|Any CPU
		{B2F133E4-C0F7-4167-A4EE-B8EFF85F845A}.Debug|Any CPU.Build.0 = Debug|Any CPU
		{B2F133E4-C0F7-4167-A4EE-B8EFF85F845A}.Release|Any CPU.ActiveCfg = Release|Any CPU
		{B2F133E4-C0F7-4167-A4EE-B8EFF85F845A}.Release|Any CPU.Build.0 = Release|Any CPU
	EndGlobalSection
	GlobalSection(SolutionProperties) = preSolution
		HideSolutionNode = FALSE
	EndGlobalSection
	GlobalSection(NestedProjects) = preSolution
		{6203296F-9B3A-4652-ADD8-18AFA4D642B2} = {02EA681E-C7D8-13C7-8484-4AC65E1B71E8}
		{B56F76F5-17FE-4A9B-A04A-8AF79A4CC3EB} = {02EA681E-C7D8-13C7-8484-4AC65E1B71E8}
		{E1190B01-95D7-4B8A-8EA3-8E1D8303DB09} = {02EA681E-C7D8-13C7-8484-4AC65E1B71E8}
		{50F0439A-608E-4F50-AC24-A4B57C50EF6D} = {264647A8-CA55-4968-8CFE-71CE9FB2724E}
		{CAAD780E-C0B8-4A02-A266-579927D35697} = {264647A8-CA55-4968-8CFE-71CE9FB2724E}
		{85A8B007-0F3E-4F28-A737-F1E6B4EA1F40} = {264647A8-CA55-4968-8CFE-71CE9FB2724E}
		{AD4734BF-5430-430F-888A-E0C0F57071BD} = {AB49C79B-1114-4C62-BA7F-66195B508CB8}
		{296EB4CE-17D0-4812-AD4E-16EBE9CFC659} = {AB49C79B-1114-4C62-BA7F-66195B508CB8}
		{1D431788-637A-40CB-A54A-CFC92A200435} = {AB49C79B-1114-4C62-BA7F-66195B508CB8}
		{5B6F6DF0-2509-4D95-9A13-608E0CFFCBD1} = {87C4E2AC-3DA2-4116-8A85-FA1F14624688}
		{AEB0F43F-13A0-4071-A7D9-5F341AE0437A} = {87C4E2AC-3DA2-4116-8A85-FA1F14624688}
		{B2F133E4-C0F7-4167-A4EE-B8EFF85F845A} = {87C4E2AC-3DA2-4116-8A85-FA1F14624688}
	EndGlobalSection
	GlobalSection(ExtensibilityGlobals) = postSolution
		SolutionGuid = {BFCA1EF9-A6C1-4596-8736-60646D2728F1}
	EndGlobalSection
EndGlobal
